
Microsoft Visual Studio Solution File, Format Version 12.00
# Visual Studio Version 17
VisualStudioVersion = 17.5.33502.453
MinimumVisualStudioVersion = 10.0.40219.1
Project("{2150E333-8FDC-42A3-9474-1A3956D46DE8}") = "src", "src", "{C91F9F4F-1B9C-402F-AE16-B0DBE7AB360F}"
EndProject
Project("{9A19103F-16F7-4668-BE54-9A1E7A4F7556}") = "IconMasterAI", "src\IconMasterAI\IconMasterAI.csproj", "{0ABC55AE-316D-4F48-ABCA-13A054E761D0}"
EndProject
Project("{9A19103F-16F7-4668-BE54-9A1E7A4F7556}") = "IconMasterAI.Core", "src\IconMasterAI.Core\IconMasterAI.Core.csproj", "{7B49C09F-7797-4346-88FF-BBB3D2974928}"
EndProject
Project("{9A19103F-16F7-4668-BE54-9A1E7A4F7556}") = "IconMasterAI.Infrastructure", "src\IconMasterAI.Infrastructure\IconMasterAI.Infrastructure.csproj", "{FE6C2D6C-5D69-4F92-90C0-821109DCFAF2}"
EndProject
Project("{2150E333-8FDC-42A3-9474-1A3956D46DE8}") = "tests", "tests", "{4A8035F1-CCBB-41B9-A8CE-589DAC66B57A}"
EndProject
Project("{9A19103F-16F7-4668-BE54-9A1E7A4F7556}") = "IconMasterAI.Application", "src\IconMasterAI.Application\IconMasterAI.Application.csproj", "{440E403C-2AF8-4869-AB3C-39E4EEE01447}"
EndProject
Project("{9A19103F-16F7-4668-BE54-9A1E7A4F7556}") = "IconMasterAI.Persistence", "src\IconMasterAI.Persistence\IconMasterAI.Persistence.csproj", "{E936D9BB-D278-4867-B875-02E2F08A9721}"
EndProject
Project("{9A19103F-16F7-4668-BE54-9A1E7A4F7556}") = "IconMasterAI.Application.UnitTests", "tests\IconMasterAI.Application.UnitTests\IconMasterAI.Application.UnitTests.csproj", "{7D82F334-1A27-423C-BA1A-310047FF7DDE}"
EndProject
Project("{9A19103F-16F7-4668-BE54-9A1E7A4F7556}") = "IconMasterAI.Persistence.UnitTests", "tests\IconMasterAI.Persistence.UnitTests\IconMasterAI.Persistence.UnitTests.csproj", "{4A0D445F-7C9B-449D-BDA7-6C209B0FC757}"
EndProject
Project("{FAE04EC0-301F-11D3-BF4B-00C04F79EFBC}") = "IconMasterAI.Infrastructure.UnitTests", "tests\IconMasterAI.Infrastructure.UnitTests\IconMasterAI.Infrastructure.UnitTests.csproj", "{C0D18405-4086-4A35-A766-7FE7B9B7AE17}"
EndProject
Global
	GlobalSection(SolutionConfigurationPlatforms) = preSolution
		Debug|Any CPU = Debug|Any CPU
		Release|Any CPU = Release|Any CPU
	EndGlobalSection
	GlobalSection(ProjectConfigurationPlatforms) = postSolution
		{0ABC55AE-316D-4F48-ABCA-13A054E761D0}.Debug|Any CPU.ActiveCfg = Debug|Any CPU
		{0ABC55AE-316D-4F48-ABCA-13A054E761D0}.Debug|Any CPU.Build.0 = Debug|Any CPU
		{0ABC55AE-316D-4F48-ABCA-13A054E761D0}.Release|Any CPU.ActiveCfg = Release|Any CPU
		{0ABC55AE-316D-4F48-ABCA-13A054E761D0}.Release|Any CPU.Build.0 = Release|Any CPU
		{7B49C09F-7797-4346-88FF-BBB3D2974928}.Debug|Any CPU.ActiveCfg = Debug|Any CPU
		{7B49C09F-7797-4346-88FF-BBB3D2974928}.Debug|Any CPU.Build.0 = Debug|Any CPU
		{7B49C09F-7797-4346-88FF-BBB3D2974928}.Release|Any CPU.ActiveCfg = Release|Any CPU
		{7B49C09F-7797-4346-88FF-BBB3D2974928}.Release|Any CPU.Build.0 = Release|Any CPU
		{FE6C2D6C-5D69-4F92-90C0-821109DCFAF2}.Debug|Any CPU.ActiveCfg = Debug|Any CPU
		{FE6C2D6C-5D69-4F92-90C0-821109DCFAF2}.Debug|Any CPU.Build.0 = Debug|Any CPU
		{FE6C2D6C-5D69-4F92-90C0-821109DCFAF2}.Release|Any CPU.ActiveCfg = Release|Any CPU
		{FE6C2D6C-5D69-4F92-90C0-821109DCFAF2}.Release|Any CPU.Build.0 = Release|Any CPU
		{440E403C-2AF8-4869-AB3C-39E4EEE01447}.Debug|Any CPU.ActiveCfg = Debug|Any CPU
		{440E403C-2AF8-4869-AB3C-39E4EEE01447}.Debug|Any CPU.Build.0 = Debug|Any CPU
		{440E403C-2AF8-4869-AB3C-39E4EEE01447}.Release|Any CPU.ActiveCfg = Release|Any CPU
		{440E403C-2AF8-4869-AB3C-39E4EEE01447}.Release|Any CPU.Build.0 = Release|Any CPU
		{E936D9BB-D278-4867-B875-02E2F08A9721}.Debug|Any CPU.ActiveCfg = Debug|Any CPU
		{E936D9BB-D278-4867-B875-02E2F08A9721}.Debug|Any CPU.Build.0 = Debug|Any CPU
		{E936D9BB-D278-4867-B875-02E2F08A9721}.Release|Any CPU.ActiveCfg = Release|Any CPU
		{E936D9BB-D278-4867-B875-02E2F08A9721}.Release|Any CPU.Build.0 = Release|Any CPU
		{7D82F334-1A27-423C-BA1A-310047FF7DDE}.Debug|Any CPU.ActiveCfg = Debug|Any CPU
		{7D82F334-1A27-423C-BA1A-310047FF7DDE}.Debug|Any CPU.Build.0 = Debug|Any CPU
		{7D82F334-1A27-423C-BA1A-310047FF7DDE}.Release|Any CPU.ActiveCfg = Release|Any CPU
		{7D82F334-1A27-423C-BA1A-310047FF7DDE}.Release|Any CPU.Build.0 = Release|Any CPU
		{4A0D445F-7C9B-449D-BDA7-6C209B0FC757}.Debug|Any CPU.ActiveCfg = Debug|Any CPU
		{4A0D445F-7C9B-449D-BDA7-6C209B0FC757}.Debug|Any CPU.Build.0 = Debug|Any CPU
		{4A0D445F-7C9B-449D-BDA7-6C209B0FC757}.Release|Any CPU.ActiveCfg = Release|Any CPU
		{4A0D445F-7C9B-449D-BDA7-6C209B0FC757}.Release|Any CPU.Build.0 = Release|Any CPU
		{C0D18405-4086-4A35-A766-7FE7B9B7AE17}.Debug|Any CPU.ActiveCfg = Debug|Any CPU
		{C0D18405-4086-4A35-A766-7FE7B9B7AE17}.Debug|Any CPU.Build.0 = Debug|Any CPU
		{C0D18405-4086-4A35-A766-7FE7B9B7AE17}.Release|Any CPU.ActiveCfg = Release|Any CPU
		{C0D18405-4086-4A35-A766-7FE7B9B7AE17}.Release|Any CPU.Build.0 = Release|Any CPU
	EndGlobalSection
	GlobalSection(SolutionProperties) = preSolution
		HideSolutionNode = FALSE
	EndGlobalSection
	GlobalSection(NestedProjects) = preSolution
		{0ABC55AE-316D-4F48-ABCA-13A054E761D0} = {C91F9F4F-1B9C-402F-AE16-B0DBE7AB360F}
		{7B49C09F-7797-4346-88FF-BBB3D2974928} = {C91F9F4F-1B9C-402F-AE16-B0DBE7AB360F}
		{FE6C2D6C-5D69-4F92-90C0-821109DCFAF2} = {C91F9F4F-1B9C-402F-AE16-B0DBE7AB360F}
		{440E403C-2AF8-4869-AB3C-39E4EEE01447} = {C91F9F4F-1B9C-402F-AE16-B0DBE7AB360F}
		{E936D9BB-D278-4867-B875-02E2F08A9721} = {C91F9F4F-1B9C-402F-AE16-B0DBE7AB360F}
		{7D82F334-1A27-423C-BA1A-310047FF7DDE} = {4A8035F1-CCBB-41B9-A8CE-589DAC66B57A}
		{4A0D445F-7C9B-449D-BDA7-6C209B0FC757} = {4A8035F1-CCBB-41B9-A8CE-589DAC66B57A}
		{C0D18405-4086-4A35-A766-7FE7B9B7AE17} = {4A8035F1-CCBB-41B9-A8CE-589DAC66B57A}
	EndGlobalSection
	GlobalSection(ExtensibilityGlobals) = postSolution
		SolutionGuid = {75156E78-7F7B-422A-BF69-3E08EA8EF2FF}
	EndGlobalSection
EndGlobal
